// !$*UTF8*$!
{
	archiveVersion = 1;
	classes = {
	};
	objectVersion = 55;
	objects = {

/* Begin PBXBuildFile section */
		A40006BF28D8A26300AAA932 /* InvoicingDetailsViewController.swift in Sources */ = {isa = PBXBuildFile; fileRef = A40006BE28D8A26300AAA932 /* InvoicingDetailsViewController.swift */; };
		A44817BC28D0A1EC009CF192 /* OrganizartDataModel.xcdatamodeld in Sources */ = {isa = PBXBuildFile; fileRef = A44817BA28D0A1EC009CF192 /* OrganizartDataModel.xcdatamodeld */; };
		A44817BF28D0A5FB009CF192 /* Produto+CoreDataClass.swift in Sources */ = {isa = PBXBuildFile; fileRef = A44817BD28D0A5FB009CF192 /* Produto+CoreDataClass.swift */; };
		A44817C028D0A5FB009CF192 /* Produto+CoreDataProperties.swift in Sources */ = {isa = PBXBuildFile; fileRef = A44817BE28D0A5FB009CF192 /* Produto+CoreDataProperties.swift */; };
		A44817C428D0AC52009CF192 /* Sale_CoreData+CoreDataClass.swift in Sources */ = {isa = PBXBuildFile; fileRef = A44817C228D0AC52009CF192 /* Sale_CoreData+CoreDataClass.swift */; };
		A44817C528D0AC52009CF192 /* Sale_CoreData+CoreDataProperties.swift in Sources */ = {isa = PBXBuildFile; fileRef = A44817C328D0AC52009CF192 /* Sale_CoreData+CoreDataProperties.swift */; };
		A44817CA28D0AEFE009CF192 /* HomeView.swift in Sources */ = {isa = PBXBuildFile; fileRef = A44817C928D0AEFE009CF192 /* HomeView.swift */; };
		A44817CC28D0B32A009CF192 /* CardViewInvoicing.swift in Sources */ = {isa = PBXBuildFile; fileRef = A44817CB28D0B32A009CF192 /* CardViewInvoicing.swift */; };
		A44817CE28D0E996009CF192 /* UIPreview.swift in Sources */ = {isa = PBXBuildFile; fileRef = A44817CD28D0E996009CF192 /* UIPreview.swift */; };
		A44817D028D0FB5F009CF192 /* ProductsViewController.swift in Sources */ = {isa = PBXBuildFile; fileRef = A44817CF28D0FB5E009CF192 /* ProductsViewController.swift */; };
		A44817D228D0FB6B009CF192 /* SalesViewController.swift in Sources */ = {isa = PBXBuildFile; fileRef = A44817D128D0FB6B009CF192 /* SalesViewController.swift */; };
		A44817D428D0FBB8009CF192 /* ProductsView.swift in Sources */ = {isa = PBXBuildFile; fileRef = A44817D328D0FBB8009CF192 /* ProductsView.swift */; };
		A44817D628D0FBC0009CF192 /* SalesView.swift in Sources */ = {isa = PBXBuildFile; fileRef = A44817D528D0FBC0009CF192 /* SalesView.swift */; };
		A44817DA28D100A4009CF192 /* HomeViewController.swift in Sources */ = {isa = PBXBuildFile; fileRef = A44817D928D100A4009CF192 /* HomeViewController.swift */; };
		A44817DC28D15222009CF192 /* AddProductViewController.swift in Sources */ = {isa = PBXBuildFile; fileRef = A44817DB28D15222009CF192 /* AddProductViewController.swift */; };
		A44817E028D27D3E009CF192 /* ShowProductsCell.swift in Sources */ = {isa = PBXBuildFile; fileRef = A44817DF28D27D3E009CF192 /* ShowProductsCell.swift */; };
		A44817E228D27E1E009CF192 /* ProductsViewController+TableViewDatasource+TableViewDelegate.swift in Sources */ = {isa = PBXBuildFile; fileRef = A44817E128D27E1E009CF192 /* ProductsViewController+TableViewDatasource+TableViewDelegate.swift */; };
		A4A446AF28CF5288005E52B9 /* AppDelegate.swift in Sources */ = {isa = PBXBuildFile; fileRef = A4A446AE28CF5288005E52B9 /* AppDelegate.swift */; };
		A4A446B128CF5288005E52B9 /* SceneDelegate.swift in Sources */ = {isa = PBXBuildFile; fileRef = A4A446B028CF5288005E52B9 /* SceneDelegate.swift */; };
		A4A446B328CF5288005E52B9 /* ViewController.swift in Sources */ = {isa = PBXBuildFile; fileRef = A4A446B228CF5288005E52B9 /* ViewController.swift */; };
		A4A446B828CF528A005E52B9 /* Assets.xcassets in Resources */ = {isa = PBXBuildFile; fileRef = A4A446B728CF528A005E52B9 /* Assets.xcassets */; };
		A4A446BB28CF528A005E52B9 /* LaunchScreen.storyboard in Resources */ = {isa = PBXBuildFile; fileRef = A4A446B928CF528A005E52B9 /* LaunchScreen.storyboard */; };
		BD1043F428DB3724005FD5EE /* HomeSalesTableViewCell.swift in Sources */ = {isa = PBXBuildFile; fileRef = BD1043F328DB3724005FD5EE /* HomeSalesTableViewCell.swift */; };
		BD1043F828DBA9E3005FD5EE /* HomeSalesViewController.swift in Sources */ = {isa = PBXBuildFile; fileRef = BD1043F728DBA9E3005FD5EE /* HomeSalesViewController.swift */; };
		BD45A3B028D8A9E200CA8F18 /* HomeProductsCell.swift in Sources */ = {isa = PBXBuildFile; fileRef = BD45A3AF28D8A9E200CA8F18 /* HomeProductsCell.swift */; };
		A4ED2D8128D8DB8F0035E000 /* ProductViewController.swift in Sources */ = {isa = PBXBuildFile; fileRef = A4ED2D8028D8DB8F0035E000 /* ProductViewController.swift */; };
		C116467728DB3FD60068ED2D /* AddSaleViewController.swift in Sources */ = {isa = PBXBuildFile; fileRef = C116467628DB3FD60068ED2D /* AddSaleViewController.swift */; };
		C116467928DBD4660068ED2D /* ProductsAddSaleTableViewCell.swift in Sources */ = {isa = PBXBuildFile; fileRef = C116467828DBD4660068ED2D /* ProductsAddSaleTableViewCell.swift */; };
		C1CFD6A128D8B2F20013F45D /* ProductsChosenTableViewCell.swift in Sources */ = {isa = PBXBuildFile; fileRef = C1CFD6A028D8B2F20013F45D /* ProductsChosenTableViewCell.swift */; };
		C1E42B1828CF63CC002E8459 /* Product.swift in Sources */ = {isa = PBXBuildFile; fileRef = C1E42B1728CF63CC002E8459 /* Product.swift */; };
		C1E42B1A28CF6499002E8459 /* Sale.swift in Sources */ = {isa = PBXBuildFile; fileRef = C1E42B1928CF6499002E8459 /* Sale.swift */; };
		C1E42B1C28CF652D002E8459 /* CatalogProducts.swift in Sources */ = {isa = PBXBuildFile; fileRef = C1E42B1B28CF652D002E8459 /* CatalogProducts.swift */; };
		C1E42B1E28CF6B11002E8459 /* CatalogSales.swift in Sources */ = {isa = PBXBuildFile; fileRef = C1E42B1D28CF6B11002E8459 /* CatalogSales.swift */; };
		C1E42B2428D2094C002E8459 /* SalesTableViewCell.swift in Sources */ = {isa = PBXBuildFile; fileRef = C1E42B2328D2094C002E8459 /* SalesTableViewCell.swift */; };
		C1E42B2628D3A44B002E8459 /* ProductSold.swift in Sources */ = {isa = PBXBuildFile; fileRef = C1E42B2528D3A44B002E8459 /* ProductSold.swift */; };
		C1E42B2A28D4A5EE002E8459 /* CardViewSale.swift in Sources */ = {isa = PBXBuildFile; fileRef = C1E42B2928D4A5EE002E8459 /* CardViewSale.swift */; };
		C1E42B2C28D4B72F002E8459 /* SaleDetailsViewController.swift in Sources */ = {isa = PBXBuildFile; fileRef = C1E42B2B28D4B72F002E8459 /* SaleDetailsViewController.swift */; };
		C1E42B3228D89FBA002E8459 /* SaleDetailsView.swift in Sources */ = {isa = PBXBuildFile; fileRef = C1E42B3128D89FBA002E8459 /* SaleDetailsView.swift */; };
/* End PBXBuildFile section */

/* Begin PBXFileReference section */
		A40006BE28D8A26300AAA932 /* InvoicingDetailsViewController.swift */ = {isa = PBXFileReference; lastKnownFileType = sourcecode.swift; path = InvoicingDetailsViewController.swift; sourceTree = "<group>"; };
		A44817BB28D0A1EC009CF192 /* OrganizartDataModel.xcdatamodel */ = {isa = PBXFileReference; lastKnownFileType = wrapper.xcdatamodel; path = OrganizartDataModel.xcdatamodel; sourceTree = "<group>"; };
		A44817BD28D0A5FB009CF192 /* Produto+CoreDataClass.swift */ = {isa = PBXFileReference; lastKnownFileType = sourcecode.swift; path = "Produto+CoreDataClass.swift"; sourceTree = "<group>"; };
		A44817BE28D0A5FB009CF192 /* Produto+CoreDataProperties.swift */ = {isa = PBXFileReference; lastKnownFileType = sourcecode.swift; path = "Produto+CoreDataProperties.swift"; sourceTree = "<group>"; };
		A44817C228D0AC52009CF192 /* Sale_CoreData+CoreDataClass.swift */ = {isa = PBXFileReference; lastKnownFileType = sourcecode.swift; path = "Sale_CoreData+CoreDataClass.swift"; sourceTree = "<group>"; };
		A44817C328D0AC52009CF192 /* Sale_CoreData+CoreDataProperties.swift */ = {isa = PBXFileReference; lastKnownFileType = sourcecode.swift; path = "Sale_CoreData+CoreDataProperties.swift"; sourceTree = "<group>"; };
		A44817C928D0AEFE009CF192 /* HomeView.swift */ = {isa = PBXFileReference; lastKnownFileType = sourcecode.swift; path = HomeView.swift; sourceTree = "<group>"; };
		A44817CB28D0B32A009CF192 /* CardViewInvoicing.swift */ = {isa = PBXFileReference; lastKnownFileType = sourcecode.swift; path = CardViewInvoicing.swift; sourceTree = "<group>"; };
		A44817CD28D0E996009CF192 /* UIPreview.swift */ = {isa = PBXFileReference; lastKnownFileType = sourcecode.swift; path = UIPreview.swift; sourceTree = "<group>"; };
		A44817CF28D0FB5E009CF192 /* ProductsViewController.swift */ = {isa = PBXFileReference; lastKnownFileType = sourcecode.swift; path = ProductsViewController.swift; sourceTree = "<group>"; };
		A44817D128D0FB6B009CF192 /* SalesViewController.swift */ = {isa = PBXFileReference; lastKnownFileType = sourcecode.swift; path = SalesViewController.swift; sourceTree = "<group>"; };
		A44817D328D0FBB8009CF192 /* ProductsView.swift */ = {isa = PBXFileReference; lastKnownFileType = sourcecode.swift; path = ProductsView.swift; sourceTree = "<group>"; };
		A44817D528D0FBC0009CF192 /* SalesView.swift */ = {isa = PBXFileReference; lastKnownFileType = sourcecode.swift; path = SalesView.swift; sourceTree = "<group>"; };
		A44817D928D100A4009CF192 /* HomeViewController.swift */ = {isa = PBXFileReference; lastKnownFileType = sourcecode.swift; path = HomeViewController.swift; sourceTree = "<group>"; };
		A44817DB28D15222009CF192 /* AddProductViewController.swift */ = {isa = PBXFileReference; lastKnownFileType = sourcecode.swift; path = AddProductViewController.swift; sourceTree = "<group>"; };
		A44817DF28D27D3E009CF192 /* ShowProductsCell.swift */ = {isa = PBXFileReference; lastKnownFileType = sourcecode.swift; path = ShowProductsCell.swift; sourceTree = "<group>"; };
		A44817E128D27E1E009CF192 /* ProductsViewController+TableViewDatasource+TableViewDelegate.swift */ = {isa = PBXFileReference; lastKnownFileType = sourcecode.swift; path = "ProductsViewController+TableViewDatasource+TableViewDelegate.swift"; sourceTree = "<group>"; };
		A4A446AB28CF5288005E52B9 /* Organizart.app */ = {isa = PBXFileReference; explicitFileType = wrapper.application; includeInIndex = 0; path = Organizart.app; sourceTree = BUILT_PRODUCTS_DIR; };
		A4A446AE28CF5288005E52B9 /* AppDelegate.swift */ = {isa = PBXFileReference; lastKnownFileType = sourcecode.swift; path = AppDelegate.swift; sourceTree = "<group>"; };
		A4A446B028CF5288005E52B9 /* SceneDelegate.swift */ = {isa = PBXFileReference; lastKnownFileType = sourcecode.swift; path = SceneDelegate.swift; sourceTree = "<group>"; };
		A4A446B228CF5288005E52B9 /* ViewController.swift */ = {isa = PBXFileReference; lastKnownFileType = sourcecode.swift; path = ViewController.swift; sourceTree = "<group>"; };
		A4A446B728CF528A005E52B9 /* Assets.xcassets */ = {isa = PBXFileReference; lastKnownFileType = folder.assetcatalog; path = Assets.xcassets; sourceTree = "<group>"; };
		A4A446BA28CF528A005E52B9 /* Base */ = {isa = PBXFileReference; lastKnownFileType = file.storyboard; name = Base; path = Base.lproj/LaunchScreen.storyboard; sourceTree = "<group>"; };
		A4A446BC28CF528A005E52B9 /* Info.plist */ = {isa = PBXFileReference; lastKnownFileType = text.plist.xml; path = Info.plist; sourceTree = "<group>"; };
		BD1043F328DB3724005FD5EE /* HomeSalesTableViewCell.swift */ = {isa = PBXFileReference; lastKnownFileType = sourcecode.swift; path = HomeSalesTableViewCell.swift; sourceTree = "<group>"; };
		BD1043F728DBA9E3005FD5EE /* HomeSalesViewController.swift */ = {isa = PBXFileReference; lastKnownFileType = sourcecode.swift; path = HomeSalesViewController.swift; sourceTree = "<group>"; };
		BD45A3AF28D8A9E200CA8F18 /* HomeProductsCell.swift */ = {isa = PBXFileReference; lastKnownFileType = sourcecode.swift; path = HomeProductsCell.swift; sourceTree = "<group>"; };
		A4ED2D8028D8DB8F0035E000 /* ProductViewController.swift */ = {isa = PBXFileReference; lastKnownFileType = sourcecode.swift; path = ProductViewController.swift; sourceTree = "<group>"; };
		C116467628DB3FD60068ED2D /* AddSaleViewController.swift */ = {isa = PBXFileReference; lastKnownFileType = sourcecode.swift; path = AddSaleViewController.swift; sourceTree = "<group>"; };
		C116467828DBD4660068ED2D /* ProductsAddSaleTableViewCell.swift */ = {isa = PBXFileReference; lastKnownFileType = sourcecode.swift; path = ProductsAddSaleTableViewCell.swift; sourceTree = "<group>"; };
		C1CFD6A028D8B2F20013F45D /* ProductsChosenTableViewCell.swift */ = {isa = PBXFileReference; lastKnownFileType = sourcecode.swift; path = ProductsChosenTableViewCell.swift; sourceTree = "<group>"; };
		C1E42B1728CF63CC002E8459 /* Product.swift */ = {isa = PBXFileReference; lastKnownFileType = sourcecode.swift; path = Product.swift; sourceTree = "<group>"; };
		C1E42B1928CF6499002E8459 /* Sale.swift */ = {isa = PBXFileReference; lastKnownFileType = sourcecode.swift; path = Sale.swift; sourceTree = "<group>"; };
		C1E42B1B28CF652D002E8459 /* CatalogProducts.swift */ = {isa = PBXFileReference; lastKnownFileType = sourcecode.swift; path = CatalogProducts.swift; sourceTree = "<group>"; };
		C1E42B1D28CF6B11002E8459 /* CatalogSales.swift */ = {isa = PBXFileReference; lastKnownFileType = sourcecode.swift; path = CatalogSales.swift; sourceTree = "<group>"; };
		C1E42B2328D2094C002E8459 /* SalesTableViewCell.swift */ = {isa = PBXFileReference; lastKnownFileType = sourcecode.swift; path = SalesTableViewCell.swift; sourceTree = "<group>"; };
		C1E42B2528D3A44B002E8459 /* ProductSold.swift */ = {isa = PBXFileReference; lastKnownFileType = sourcecode.swift; path = ProductSold.swift; sourceTree = "<group>"; };
		C1E42B2928D4A5EE002E8459 /* CardViewSale.swift */ = {isa = PBXFileReference; lastKnownFileType = sourcecode.swift; path = CardViewSale.swift; sourceTree = "<group>"; };
		C1E42B2B28D4B72F002E8459 /* SaleDetailsViewController.swift */ = {isa = PBXFileReference; lastKnownFileType = sourcecode.swift; path = SaleDetailsViewController.swift; sourceTree = "<group>"; };
		C1E42B3128D89FBA002E8459 /* SaleDetailsView.swift */ = {isa = PBXFileReference; lastKnownFileType = sourcecode.swift; path = SaleDetailsView.swift; sourceTree = "<group>"; };
/* End PBXFileReference section */

/* Begin PBXFrameworksBuildPhase section */
		A4A446A828CF5288005E52B9 /* Frameworks */ = {
			isa = PBXFrameworksBuildPhase;
			buildActionMask = 2147483647;
			files = (
			);
			runOnlyForDeploymentPostprocessing = 0;
		};
/* End PBXFrameworksBuildPhase section */

/* Begin PBXGroup section */
		A44817C128D0A605009CF192 /* ProductCoreData */ = {
			isa = PBXGroup;
			children = (
				A44817BD28D0A5FB009CF192 /* Produto+CoreDataClass.swift */,
				A44817BE28D0A5FB009CF192 /* Produto+CoreDataProperties.swift */,
			);
			path = ProductCoreData;
			sourceTree = "<group>";
		};
		A44817C628D0AC5C009CF192 /* Sale_CoreData */ = {
			isa = PBXGroup;
			children = (
				A44817C228D0AC52009CF192 /* Sale_CoreData+CoreDataClass.swift */,
				A44817C328D0AC52009CF192 /* Sale_CoreData+CoreDataProperties.swift */,
			);
			path = Sale_CoreData;
			sourceTree = "<group>";
		};
		A4A446A228CF5288005E52B9 = {
			isa = PBXGroup;
			children = (
				A44817BA28D0A1EC009CF192 /* OrganizartDataModel.xcdatamodeld */,
				A4A446AD28CF5288005E52B9 /* Organizart */,
				A4A446AC28CF5288005E52B9 /* Products */,
			);
			sourceTree = "<group>";
		};
		A4A446AC28CF5288005E52B9 /* Products */ = {
			isa = PBXGroup;
			children = (
				A4A446AB28CF5288005E52B9 /* Organizart.app */,
			);
			name = Products;
			sourceTree = "<group>";
		};
		A4A446AD28CF5288005E52B9 /* Organizart */ = {
			isa = PBXGroup;
			children = (
				A4A446AE28CF5288005E52B9 /* AppDelegate.swift */,
				A4A446B028CF5288005E52B9 /* SceneDelegate.swift */,
				A4A446C428CF57DA005E52B9 /* Models */,
				A4A446C328CF57D5005E52B9 /* Views */,
				A4A446C228CF57C0005E52B9 /* Controllers */,
				A4A446B728CF528A005E52B9 /* Assets.xcassets */,
				A4A446B928CF528A005E52B9 /* LaunchScreen.storyboard */,
				A4A446BC28CF528A005E52B9 /* Info.plist */,
				A44817CD28D0E996009CF192 /* UIPreview.swift */,
			);
			path = Organizart;
			sourceTree = "<group>";
		};
		A4A446C228CF57C0005E52B9 /* Controllers */ = {
			isa = PBXGroup;
			children = (
				A4ED2D8028D8DB8F0035E000 /* ProductViewController.swift */,
				A44817CF28D0FB5E009CF192 /* ProductsViewController.swift */,
				A44817D128D0FB6B009CF192 /* SalesViewController.swift */,
				A4A446B228CF5288005E52B9 /* ViewController.swift */,
				A44817D928D100A4009CF192 /* HomeViewController.swift */,
				A44817DB28D15222009CF192 /* AddProductViewController.swift */,
				BD1043F728DBA9E3005FD5EE /* HomeSalesViewController.swift */,
				C1E42B2B28D4B72F002E8459 /* SaleDetailsViewController.swift */,
				A40006BE28D8A26300AAA932 /* InvoicingDetailsViewController.swift */,
				C116467628DB3FD60068ED2D /* AddSaleViewController.swift */,
			);
			path = Controllers;
			sourceTree = "<group>";
		};
		A4A446C328CF57D5005E52B9 /* Views */ = {
			isa = PBXGroup;
			children = (
				A44817C928D0AEFE009CF192 /* HomeView.swift */,
				C116467828DBD4660068ED2D /* ProductsAddSaleTableViewCell.swift */,
				C1E42B2928D4A5EE002E8459 /* CardViewSale.swift */,
				A44817CB28D0B32A009CF192 /* CardViewInvoicing.swift */,
				A44817D328D0FBB8009CF192 /* ProductsView.swift */,
				A44817D528D0FBC0009CF192 /* SalesView.swift */,
				A44817DF28D27D3E009CF192 /* ShowProductsCell.swift */,
				C1E42B2328D2094C002E8459 /* SalesTableViewCell.swift */,
				BD45A3AF28D8A9E200CA8F18 /* HomeProductsCell.swift */,
				BD1043F328DB3724005FD5EE /* HomeSalesTableViewCell.swift */,
				C1CFD6A028D8B2F20013F45D /* ProductsChosenTableViewCell.swift */,
				C1E42B3128D89FBA002E8459 /* SaleDetailsView.swift */,
			);
			path = Views;
			sourceTree = "<group>";
		};
		A4A446C428CF57DA005E52B9 /* Models */ = {
			isa = PBXGroup;
			children = (
				A44817C628D0AC5C009CF192 /* Sale_CoreData */,
				A44817C128D0A605009CF192 /* ProductCoreData */,
				C1E42B1728CF63CC002E8459 /* Product.swift */,
				C1E42B1928CF6499002E8459 /* Sale.swift */,
				C1E42B2528D3A44B002E8459 /* ProductSold.swift */,
				C1E42B1B28CF652D002E8459 /* CatalogProducts.swift */,
				C1E42B1D28CF6B11002E8459 /* CatalogSales.swift */,
				A44817E128D27E1E009CF192 /* ProductsViewController+TableViewDatasource+TableViewDelegate.swift */,
			);
			path = Models;
			sourceTree = "<group>";
		};
/* End PBXGroup section */

/* Begin PBXNativeTarget section */
		A4A446AA28CF5288005E52B9 /* Organizart */ = {
			isa = PBXNativeTarget;
			buildConfigurationList = A4A446BF28CF528A005E52B9 /* Build configuration list for PBXNativeTarget "Organizart" */;
			buildPhases = (
				A4A446A728CF5288005E52B9 /* Sources */,
				A4A446A828CF5288005E52B9 /* Frameworks */,
				A4A446A928CF5288005E52B9 /* Resources */,
			);
			buildRules = (
			);
			dependencies = (
			);
			name = Organizart;
			productName = Organizart;
			productReference = A4A446AB28CF5288005E52B9 /* Organizart.app */;
			productType = "com.apple.product-type.application";
		};
/* End PBXNativeTarget section */

/* Begin PBXProject section */
		A4A446A328CF5288005E52B9 /* Project object */ = {
			isa = PBXProject;
			attributes = {
				BuildIndependentTargetsInParallel = 1;
				LastSwiftUpdateCheck = 1340;
				LastUpgradeCheck = 1340;
				TargetAttributes = {
					A4A446AA28CF5288005E52B9 = {
						CreatedOnToolsVersion = 13.4.1;
					};
				};
			};
			buildConfigurationList = A4A446A628CF5288005E52B9 /* Build configuration list for PBXProject "Organizart" */;
			compatibilityVersion = "Xcode 13.0";
			developmentRegion = en;
			hasScannedForEncodings = 0;
			knownRegions = (
				en,
				Base,
			);
			mainGroup = A4A446A228CF5288005E52B9;
			productRefGroup = A4A446AC28CF5288005E52B9 /* Products */;
			projectDirPath = "";
			projectRoot = "";
			targets = (
				A4A446AA28CF5288005E52B9 /* Organizart */,
			);
		};
/* End PBXProject section */

/* Begin PBXResourcesBuildPhase section */
		A4A446A928CF5288005E52B9 /* Resources */ = {
			isa = PBXResourcesBuildPhase;
			buildActionMask = 2147483647;
			files = (
				A4A446BB28CF528A005E52B9 /* LaunchScreen.storyboard in Resources */,
				A4A446B828CF528A005E52B9 /* Assets.xcassets in Resources */,
			);
			runOnlyForDeploymentPostprocessing = 0;
		};
/* End PBXResourcesBuildPhase section */

/* Begin PBXSourcesBuildPhase section */
		A4A446A728CF5288005E52B9 /* Sources */ = {
			isa = PBXSourcesBuildPhase;
			buildActionMask = 2147483647;
			files = (
				BD45A3B028D8A9E200CA8F18 /* HomeProductsCell.swift in Sources */,
				A44817C028D0A5FB009CF192 /* Produto+CoreDataProperties.swift in Sources */,
				BD1043F428DB3724005FD5EE /* HomeSalesTableViewCell.swift in Sources */,
				A44817C428D0AC52009CF192 /* Sale_CoreData+CoreDataClass.swift in Sources */,
				BD1043F828DBA9E3005FD5EE /* HomeSalesViewController.swift in Sources */,
				A4ED2D8128D8DB8F0035E000 /* ProductViewController.swift in Sources */,
				A44817C428D0AC52009CF192 /* Sale_CoreData+CoreDataClass.swift in Sources */,
				C116467728DB3FD60068ED2D /* AddSaleViewController.swift in Sources */,
				A44817CA28D0AEFE009CF192 /* HomeView.swift in Sources */,
				A44817BC28D0A1EC009CF192 /* OrganizartDataModel.xcdatamodeld in Sources */,
				A44817E028D27D3E009CF192 /* ShowProductsCell.swift in Sources */,
				C1E42B1E28CF6B11002E8459 /* CatalogSales.swift in Sources */,
				A44817DA28D100A4009CF192 /* HomeViewController.swift in Sources */,
				A4A446B328CF5288005E52B9 /* ViewController.swift in Sources */,
				C1E42B2628D3A44B002E8459 /* ProductSold.swift in Sources */,
				C116467928DBD4660068ED2D /* ProductsAddSaleTableViewCell.swift in Sources */,
				A4A446AF28CF5288005E52B9 /* AppDelegate.swift in Sources */,
				A44817DC28D15222009CF192 /* AddProductViewController.swift in Sources */,
				C1CFD6A128D8B2F20013F45D /* ProductsChosenTableViewCell.swift in Sources */,
				A44817CE28D0E996009CF192 /* UIPreview.swift in Sources */,
				A44817D428D0FBB8009CF192 /* ProductsView.swift in Sources */,
				C1E42B2A28D4A5EE002E8459 /* CardViewSale.swift in Sources */,
				A40006BF28D8A26300AAA932 /* InvoicingDetailsViewController.swift in Sources */,
				C1E42B2428D2094C002E8459 /* SalesTableViewCell.swift in Sources */,
				C1E42B1C28CF652D002E8459 /* CatalogProducts.swift in Sources */,
				A4A446B128CF5288005E52B9 /* SceneDelegate.swift in Sources */,
				A44817D028D0FB5F009CF192 /* ProductsViewController.swift in Sources */,
				A44817C528D0AC52009CF192 /* Sale_CoreData+CoreDataProperties.swift in Sources */,
				C1E42B1A28CF6499002E8459 /* Sale.swift in Sources */,
				A44817D228D0FB6B009CF192 /* SalesViewController.swift in Sources */,
				A44817CC28D0B32A009CF192 /* CardViewInvoicing.swift in Sources */,
				C1E42B2C28D4B72F002E8459 /* SaleDetailsViewController.swift in Sources */,
				C1E42B1828CF63CC002E8459 /* Product.swift in Sources */,
				A44817D628D0FBC0009CF192 /* SalesView.swift in Sources */,
				A44817E228D27E1E009CF192 /* ProductsViewController+TableViewDatasource+TableViewDelegate.swift in Sources */,
				C1E42B3228D89FBA002E8459 /* SaleDetailsView.swift in Sources */,
				A44817BF28D0A5FB009CF192 /* Produto+CoreDataClass.swift in Sources */,
			);
			runOnlyForDeploymentPostprocessing = 0;
		};
/* End PBXSourcesBuildPhase section */

/* Begin PBXVariantGroup section */
		A4A446B928CF528A005E52B9 /* LaunchScreen.storyboard */ = {
			isa = PBXVariantGroup;
			children = (
				A4A446BA28CF528A005E52B9 /* Base */,
			);
			name = LaunchScreen.storyboard;
			sourceTree = "<group>";
		};
/* End PBXVariantGroup section */

/* Begin XCBuildConfiguration section */
		A4A446BD28CF528A005E52B9 /* Debug */ = {
			isa = XCBuildConfiguration;
			buildSettings = {
				ALWAYS_SEARCH_USER_PATHS = NO;
				CLANG_ANALYZER_NONNULL = YES;
				CLANG_ANALYZER_NUMBER_OBJECT_CONVERSION = YES_AGGRESSIVE;
				CLANG_CXX_LANGUAGE_STANDARD = "gnu++17";
				CLANG_ENABLE_MODULES = YES;
				CLANG_ENABLE_OBJC_ARC = YES;
				CLANG_ENABLE_OBJC_WEAK = YES;
				CLANG_WARN_BLOCK_CAPTURE_AUTORELEASING = YES;
				CLANG_WARN_BOOL_CONVERSION = YES;
				CLANG_WARN_COMMA = YES;
				CLANG_WARN_CONSTANT_CONVERSION = YES;
				CLANG_WARN_DEPRECATED_OBJC_IMPLEMENTATIONS = YES;
				CLANG_WARN_DIRECT_OBJC_ISA_USAGE = YES_ERROR;
				CLANG_WARN_DOCUMENTATION_COMMENTS = YES;
				CLANG_WARN_EMPTY_BODY = YES;
				CLANG_WARN_ENUM_CONVERSION = YES;
				CLANG_WARN_INFINITE_RECURSION = YES;
				CLANG_WARN_INT_CONVERSION = YES;
				CLANG_WARN_NON_LITERAL_NULL_CONVERSION = YES;
				CLANG_WARN_OBJC_IMPLICIT_RETAIN_SELF = YES;
				CLANG_WARN_OBJC_LITERAL_CONVERSION = YES;
				CLANG_WARN_OBJC_ROOT_CLASS = YES_ERROR;
				CLANG_WARN_QUOTED_INCLUDE_IN_FRAMEWORK_HEADER = YES;
				CLANG_WARN_RANGE_LOOP_ANALYSIS = YES;
				CLANG_WARN_STRICT_PROTOTYPES = YES;
				CLANG_WARN_SUSPICIOUS_MOVE = YES;
				CLANG_WARN_UNGUARDED_AVAILABILITY = YES_AGGRESSIVE;
				CLANG_WARN_UNREACHABLE_CODE = YES;
				CLANG_WARN__DUPLICATE_METHOD_MATCH = YES;
				COPY_PHASE_STRIP = NO;
				DEBUG_INFORMATION_FORMAT = dwarf;
				ENABLE_STRICT_OBJC_MSGSEND = YES;
				ENABLE_TESTABILITY = YES;
				GCC_C_LANGUAGE_STANDARD = gnu11;
				GCC_DYNAMIC_NO_PIC = NO;
				GCC_NO_COMMON_BLOCKS = YES;
				GCC_OPTIMIZATION_LEVEL = 0;
				GCC_PREPROCESSOR_DEFINITIONS = (
					"DEBUG=1",
					"$(inherited)",
				);
				GCC_WARN_64_TO_32_BIT_CONVERSION = YES;
				GCC_WARN_ABOUT_RETURN_TYPE = YES_ERROR;
				GCC_WARN_UNDECLARED_SELECTOR = YES;
				GCC_WARN_UNINITIALIZED_AUTOS = YES_AGGRESSIVE;
				GCC_WARN_UNUSED_FUNCTION = YES;
				GCC_WARN_UNUSED_VARIABLE = YES;
				IPHONEOS_DEPLOYMENT_TARGET = 15.5;
				MTL_ENABLE_DEBUG_INFO = INCLUDE_SOURCE;
				MTL_FAST_MATH = YES;
				ONLY_ACTIVE_ARCH = YES;
				SDKROOT = iphoneos;
				SWIFT_ACTIVE_COMPILATION_CONDITIONS = DEBUG;
				SWIFT_OPTIMIZATION_LEVEL = "-Onone";
			};
			name = Debug;
		};
		A4A446BE28CF528A005E52B9 /* Release */ = {
			isa = XCBuildConfiguration;
			buildSettings = {
				ALWAYS_SEARCH_USER_PATHS = NO;
				CLANG_ANALYZER_NONNULL = YES;
				CLANG_ANALYZER_NUMBER_OBJECT_CONVERSION = YES_AGGRESSIVE;
				CLANG_CXX_LANGUAGE_STANDARD = "gnu++17";
				CLANG_ENABLE_MODULES = YES;
				CLANG_ENABLE_OBJC_ARC = YES;
				CLANG_ENABLE_OBJC_WEAK = YES;
				CLANG_WARN_BLOCK_CAPTURE_AUTORELEASING = YES;
				CLANG_WARN_BOOL_CONVERSION = YES;
				CLANG_WARN_COMMA = YES;
				CLANG_WARN_CONSTANT_CONVERSION = YES;
				CLANG_WARN_DEPRECATED_OBJC_IMPLEMENTATIONS = YES;
				CLANG_WARN_DIRECT_OBJC_ISA_USAGE = YES_ERROR;
				CLANG_WARN_DOCUMENTATION_COMMENTS = YES;
				CLANG_WARN_EMPTY_BODY = YES;
				CLANG_WARN_ENUM_CONVERSION = YES;
				CLANG_WARN_INFINITE_RECURSION = YES;
				CLANG_WARN_INT_CONVERSION = YES;
				CLANG_WARN_NON_LITERAL_NULL_CONVERSION = YES;
				CLANG_WARN_OBJC_IMPLICIT_RETAIN_SELF = YES;
				CLANG_WARN_OBJC_LITERAL_CONVERSION = YES;
				CLANG_WARN_OBJC_ROOT_CLASS = YES_ERROR;
				CLANG_WARN_QUOTED_INCLUDE_IN_FRAMEWORK_HEADER = YES;
				CLANG_WARN_RANGE_LOOP_ANALYSIS = YES;
				CLANG_WARN_STRICT_PROTOTYPES = YES;
				CLANG_WARN_SUSPICIOUS_MOVE = YES;
				CLANG_WARN_UNGUARDED_AVAILABILITY = YES_AGGRESSIVE;
				CLANG_WARN_UNREACHABLE_CODE = YES;
				CLANG_WARN__DUPLICATE_METHOD_MATCH = YES;
				COPY_PHASE_STRIP = NO;
				DEBUG_INFORMATION_FORMAT = "dwarf-with-dsym";
				ENABLE_NS_ASSERTIONS = NO;
				ENABLE_STRICT_OBJC_MSGSEND = YES;
				GCC_C_LANGUAGE_STANDARD = gnu11;
				GCC_NO_COMMON_BLOCKS = YES;
				GCC_WARN_64_TO_32_BIT_CONVERSION = YES;
				GCC_WARN_ABOUT_RETURN_TYPE = YES_ERROR;
				GCC_WARN_UNDECLARED_SELECTOR = YES;
				GCC_WARN_UNINITIALIZED_AUTOS = YES_AGGRESSIVE;
				GCC_WARN_UNUSED_FUNCTION = YES;
				GCC_WARN_UNUSED_VARIABLE = YES;
				IPHONEOS_DEPLOYMENT_TARGET = 15.5;
				MTL_ENABLE_DEBUG_INFO = NO;
				MTL_FAST_MATH = YES;
				SDKROOT = iphoneos;
				SWIFT_COMPILATION_MODE = wholemodule;
				SWIFT_OPTIMIZATION_LEVEL = "-O";
				VALIDATE_PRODUCT = YES;
			};
			name = Release;
		};
		A4A446C028CF528A005E52B9 /* Debug */ = {
			isa = XCBuildConfiguration;
			buildSettings = {
				ASSETCATALOG_COMPILER_APPICON_NAME = AppIcon;
				ASSETCATALOG_COMPILER_GLOBAL_ACCENT_COLOR_NAME = AccentColor;
				CODE_SIGN_STYLE = Automatic;
				CURRENT_PROJECT_VERSION = 1;
				DEVELOPMENT_TEAM = 9YF48LKAWG;
				GENERATE_INFOPLIST_FILE = YES;
				INFOPLIST_FILE = Organizart/Info.plist;
				INFOPLIST_KEY_NSPhotoLibraryUsageDescription = "Organizart deseja acessar suas fotos";
				INFOPLIST_KEY_UIApplicationSupportsIndirectInputEvents = YES;
				INFOPLIST_KEY_UILaunchStoryboardName = LaunchScreen;
				INFOPLIST_KEY_UISupportedInterfaceOrientations_iPad = "UIInterfaceOrientationPortrait UIInterfaceOrientationPortraitUpsideDown UIInterfaceOrientationLandscapeLeft UIInterfaceOrientationLandscapeRight";
				INFOPLIST_KEY_UISupportedInterfaceOrientations_iPhone = "UIInterfaceOrientationPortrait UIInterfaceOrientationLandscapeLeft UIInterfaceOrientationLandscapeRight";
				LD_RUNPATH_SEARCH_PATHS = (
					"$(inherited)",
					"@executable_path/Frameworks",
				);
				MARKETING_VERSION = 1.0;
				PRODUCT_BUNDLE_IDENTIFIER = br.ufpe.cin.academy.Organizart;
				PRODUCT_NAME = "$(TARGET_NAME)";
				SWIFT_EMIT_LOC_STRINGS = YES;
				SWIFT_VERSION = 5.0;
				TARGETED_DEVICE_FAMILY = "1,2";
			};
			name = Debug;
		};
		A4A446C128CF528A005E52B9 /* Release */ = {
			isa = XCBuildConfiguration;
			buildSettings = {
				ASSETCATALOG_COMPILER_APPICON_NAME = AppIcon;
				ASSETCATALOG_COMPILER_GLOBAL_ACCENT_COLOR_NAME = AccentColor;
				CODE_SIGN_STYLE = Automatic;
				CURRENT_PROJECT_VERSION = 1;
				DEVELOPMENT_TEAM = 9YF48LKAWG;
				GENERATE_INFOPLIST_FILE = YES;
				INFOPLIST_FILE = Organizart/Info.plist;
				INFOPLIST_KEY_NSPhotoLibraryUsageDescription = "Organizart deseja acessar suas fotos";
				INFOPLIST_KEY_UIApplicationSupportsIndirectInputEvents = YES;
				INFOPLIST_KEY_UILaunchStoryboardName = LaunchScreen;
				INFOPLIST_KEY_UISupportedInterfaceOrientations_iPad = "UIInterfaceOrientationPortrait UIInterfaceOrientationPortraitUpsideDown UIInterfaceOrientationLandscapeLeft UIInterfaceOrientationLandscapeRight";
				INFOPLIST_KEY_UISupportedInterfaceOrientations_iPhone = "UIInterfaceOrientationPortrait UIInterfaceOrientationLandscapeLeft UIInterfaceOrientationLandscapeRight";
				LD_RUNPATH_SEARCH_PATHS = (
					"$(inherited)",
					"@executable_path/Frameworks",
				);
				MARKETING_VERSION = 1.0;
				PRODUCT_BUNDLE_IDENTIFIER = br.ufpe.cin.academy.Organizart;
				PRODUCT_NAME = "$(TARGET_NAME)";
				SWIFT_EMIT_LOC_STRINGS = YES;
				SWIFT_VERSION = 5.0;
				TARGETED_DEVICE_FAMILY = "1,2";
			};
			name = Release;
		};
/* End XCBuildConfiguration section */

/* Begin XCConfigurationList section */
		A4A446A628CF5288005E52B9 /* Build configuration list for PBXProject "Organizart" */ = {
			isa = XCConfigurationList;
			buildConfigurations = (
				A4A446BD28CF528A005E52B9 /* Debug */,
				A4A446BE28CF528A005E52B9 /* Release */,
			);
			defaultConfigurationIsVisible = 0;
			defaultConfigurationName = Release;
		};
		A4A446BF28CF528A005E52B9 /* Build configuration list for PBXNativeTarget "Organizart" */ = {
			isa = XCConfigurationList;
			buildConfigurations = (
				A4A446C028CF528A005E52B9 /* Debug */,
				A4A446C128CF528A005E52B9 /* Release */,
			);
			defaultConfigurationIsVisible = 0;
			defaultConfigurationName = Release;
		};
/* End XCConfigurationList section */

/* Begin XCVersionGroup section */
		A44817BA28D0A1EC009CF192 /* OrganizartDataModel.xcdatamodeld */ = {
			isa = XCVersionGroup;
			children = (
				A44817BB28D0A1EC009CF192 /* OrganizartDataModel.xcdatamodel */,
			);
			currentVersion = A44817BB28D0A1EC009CF192 /* OrganizartDataModel.xcdatamodel */;
			path = OrganizartDataModel.xcdatamodeld;
			sourceTree = "<group>";
			versionGroupType = wrapper.xcdatamodel;
		};
/* End XCVersionGroup section */
	};
	rootObject = A4A446A328CF5288005E52B9 /* Project object */;
}
